
Microsoft Visual Studio Solution File, Format Version 12.00
# Visual Studio Version 17
VisualStudioVersion = 17.3.32901.215
MinimumVisualStudioVersion = 10.0.40219.1
Project("{FAE04EC0-301F-11D3-BF4B-00C04F79EFBC}") = "Semana 08", "Semana 08\Semana 08.csproj", "{E124CADF-E710-4957-83F2-3E5223A2ADE1}"
EndProject
Global
	GlobalSection(SolutionConfigurationPlatforms) = preSolution
		Debug|Any CPU = Debug|Any CPU
		Release|Any CPU = Release|Any CPU
	EndGlobalSection
	GlobalSection(ProjectConfigurationPlatforms) = postSolution
		{E124CADF-E710-4957-83F2-3E5223A2ADE1}.Debug|Any CPU.ActiveCfg = Debug|Any CPU
		{E124CADF-E710-4957-83F2-3E5223A2ADE1}.Debug|Any CPU.Build.0 = Debug|Any CPU
		{E124CADF-E710-4957-83F2-3E5223A2ADE1}.Release|Any CPU.ActiveCfg = Release|Any CPU
		{E124CADF-E710-4957-83F2-3E5223A2ADE1}.Release|Any CPU.Build.0 = Release|Any CPU
	EndGlobalSection
	GlobalSection(SolutionProperties) = preSolution
		HideSolutionNode = FALSE
	EndGlobalSection
	GlobalSection(ExtensibilityGlobals) = postSolution
		SolutionGuid = {E4BECC94-ADF5-4E3F-8E51-DC7AD25A6BE0}
	EndGlobalSection
EndGlobal
